{
  "name": "qwen3-browser-demo",
  "version": "1.0.0",
  "lockfileVersion": 3,
  "requires": true,
  "packages": {
    "": {
      "name": "qwen3-browser-demo",
      "version": "1.0.0",
      "license": "ISC",
      "dependencies": {
        "@wllama/wllama": "^2.3.7"
      }
    },
    "node_modules/@wllama/wllama": {
      "version": "2.3.7",
      "resolved": "https://registry.npmjs.org/@wllama/wllama/-/wllama-2.3.7.tgz",
      "integrity": "sha512-T273gBEqEZCHAoyNZDg+X6boQWktaq+efNF6bJo5aHToJr7jS1kCYImKXDdBi2/CccRuBUcMBHHLHiQN4+OfKQ==",
      "license": "MIT"
    }
  }
}
